
Microsoft Visual Studio Solution File, Format Version 11.00
# Visual Studio 2010
Project("{8BC9CEB8-8B4A-11D0-8D11-00A0C91BC942}") = "SimpleIntercept", "SimpleIntercept\SimpleIntercept.vcxproj", "{DC72BE67-C451-4ECA-8993-53B997848AB8}"
EndProject
Project("{FAE04EC0-301F-11D3-BF4B-00C04F79EFBC}") = "kchordr", "kchordr\kchordr.csproj", "{AA14D75C-154E-452E-BC02-0E153FC4AEDF}"
EndProject
Project("{FAE04EC0-301F-11D3-BF4B-00C04F79EFBC}") = "InterceptionCS", "InterceptionCS\InterceptionCS.csproj", "{D54CAED8-93AC-4B72-B75C-B069AF669762}"
EndProject
Global
	GlobalSection(SolutionConfigurationPlatforms) = preSolution
		Debug|Any CPU = Debug|Any CPU
		Debug|Mixed Platforms = Debug|Mixed Platforms
		Debug|Win32 = Debug|Win32
		Debug|x86 = Debug|x86
		Release|Any CPU = Release|Any CPU
		Release|Mixed Platforms = Release|Mixed Platforms
		Release|Win32 = Release|Win32
		Release|x86 = Release|x86
	EndGlobalSection
	GlobalSection(ProjectConfigurationPlatforms) = postSolution
		{DC72BE67-C451-4ECA-8993-53B997848AB8}.Debug|Any CPU.ActiveCfg = Debug|Win32
		{DC72BE67-C451-4ECA-8993-53B997848AB8}.Debug|Mixed Platforms.ActiveCfg = Debug|Win32
		{DC72BE67-C451-4ECA-8993-53B997848AB8}.Debug|Mixed Platforms.Build.0 = Debug|Win32
		{DC72BE67-C451-4ECA-8993-53B997848AB8}.Debug|Win32.ActiveCfg = Debug|Win32
		{DC72BE67-C451-4ECA-8993-53B997848AB8}.Debug|Win32.Build.0 = Debug|Win32
		{DC72BE67-C451-4ECA-8993-53B997848AB8}.Debug|x86.ActiveCfg = Debug|Win32
		{DC72BE67-C451-4ECA-8993-53B997848AB8}.Release|Any CPU.ActiveCfg = Release|Win32
		{DC72BE67-C451-4ECA-8993-53B997848AB8}.Release|Mixed Platforms.ActiveCfg = Release|Win32
		{DC72BE67-C451-4ECA-8993-53B997848AB8}.Release|Mixed Platforms.Build.0 = Release|Win32
		{DC72BE67-C451-4ECA-8993-53B997848AB8}.Release|Win32.ActiveCfg = Release|Win32
		{DC72BE67-C451-4ECA-8993-53B997848AB8}.Release|Win32.Build.0 = Release|Win32
		{DC72BE67-C451-4ECA-8993-53B997848AB8}.Release|x86.ActiveCfg = Release|Win32
		{AA14D75C-154E-452E-BC02-0E153FC4AEDF}.Debug|Any CPU.ActiveCfg = Debug|x86
		{AA14D75C-154E-452E-BC02-0E153FC4AEDF}.Debug|Mixed Platforms.ActiveCfg = Debug|x86
		{AA14D75C-154E-452E-BC02-0E153FC4AEDF}.Debug|Mixed Platforms.Build.0 = Debug|x86
		{AA14D75C-154E-452E-BC02-0E153FC4AEDF}.Debug|Win32.ActiveCfg = Debug|x86
		{AA14D75C-154E-452E-BC02-0E153FC4AEDF}.Debug|x86.ActiveCfg = Debug|x86
		{AA14D75C-154E-452E-BC02-0E153FC4AEDF}.Debug|x86.Build.0 = Debug|x86
		{AA14D75C-154E-452E-BC02-0E153FC4AEDF}.Release|Any CPU.ActiveCfg = Release|x86
		{AA14D75C-154E-452E-BC02-0E153FC4AEDF}.Release|Mixed Platforms.ActiveCfg = Release|x86
		{AA14D75C-154E-452E-BC02-0E153FC4AEDF}.Release|Mixed Platforms.Build.0 = Release|x86
		{AA14D75C-154E-452E-BC02-0E153FC4AEDF}.Release|Win32.ActiveCfg = Release|x86
		{AA14D75C-154E-452E-BC02-0E153FC4AEDF}.Release|x86.ActiveCfg = Release|x86
		{AA14D75C-154E-452E-BC02-0E153FC4AEDF}.Release|x86.Build.0 = Release|x86
		{D54CAED8-93AC-4B72-B75C-B069AF669762}.Debug|Any CPU.ActiveCfg = Debug|x86
		{D54CAED8-93AC-4B72-B75C-B069AF669762}.Debug|Mixed Platforms.ActiveCfg = Debug|x86
		{D54CAED8-93AC-4B72-B75C-B069AF669762}.Debug|Mixed Platforms.Build.0 = Debug|x86
		{D54CAED8-93AC-4B72-B75C-B069AF669762}.Debug|Win32.ActiveCfg = Debug|x86
		{D54CAED8-93AC-4B72-B75C-B069AF669762}.Debug|x86.ActiveCfg = Debug|x86
		{D54CAED8-93AC-4B72-B75C-B069AF669762}.Debug|x86.Build.0 = Debug|x86
		{D54CAED8-93AC-4B72-B75C-B069AF669762}.Release|Any CPU.ActiveCfg = Release|x86
		{D54CAED8-93AC-4B72-B75C-B069AF669762}.Release|Mixed Platforms.ActiveCfg = Release|x86
		{D54CAED8-93AC-4B72-B75C-B069AF669762}.Release|Mixed Platforms.Build.0 = Release|x86
		{D54CAED8-93AC-4B72-B75C-B069AF669762}.Release|Win32.ActiveCfg = Release|x86
		{D54CAED8-93AC-4B72-B75C-B069AF669762}.Release|x86.ActiveCfg = Release|x86
		{D54CAED8-93AC-4B72-B75C-B069AF669762}.Release|x86.Build.0 = Release|x86
	EndGlobalSection
	GlobalSection(SolutionProperties) = preSolution
		HideSolutionNode = FALSE
	EndGlobalSection
EndGlobal
